
Microsoft Visual Studio Solution File, Format Version 12.00
# Visual Studio Version 17
VisualStudioVersion = 17.13.35806.99 d17.13
MinimumVisualStudioVersion = 10.0.40219.1
Project("{FAE04EC0-301F-11D3-BF4B-00C04F79EFBC}") = "EmployeeApp", "EmployeeApp\EmployeeApp.csproj", "{DDA1608C-D13C-470B-BD6B-7664BF3CD618}"
EndProject
Project("{FAE04EC0-301F-11D3-BF4B-00C04F79EFBC}") = "EmployeeApp.Tests", "EmployeeApp.Tests\EmployeeApp.Tests.csproj", "{46FF3A4E-42C6-40CD-B750-802FD533E53C}"
EndProject
Global
	GlobalSection(SolutionConfigurationPlatforms) = preSolution
		Debug|Any CPU = Debug|Any CPU
		Release|Any CPU = Release|Any CPU
	EndGlobalSection
	GlobalSection(ProjectConfigurationPlatforms) = postSolution
		{DDA1608C-D13C-470B-BD6B-7664BF3CD618}.Debug|Any CPU.ActiveCfg = Debug|Any CPU
		{DDA1608C-D13C-470B-BD6B-7664BF3CD618}.Debug|Any CPU.Build.0 = Debug|Any CPU
		{DDA1608C-D13C-470B-BD6B-7664BF3CD618}.Release|Any CPU.ActiveCfg = Release|Any CPU
		{DDA1608C-D13C-470B-BD6B-7664BF3CD618}.Release|Any CPU.Build.0 = Release|Any CPU
		{46FF3A4E-42C6-40CD-B750-802FD533E53C}.Debug|Any CPU.ActiveCfg = Debug|Any CPU
		{46FF3A4E-42C6-40CD-B750-802FD533E53C}.Debug|Any CPU.Build.0 = Debug|Any CPU
		{46FF3A4E-42C6-40CD-B750-802FD533E53C}.Release|Any CPU.ActiveCfg = Release|Any CPU
		{46FF3A4E-42C6-40CD-B750-802FD533E53C}.Release|Any CPU.Build.0 = Release|Any CPU
	EndGlobalSection
	GlobalSection(SolutionProperties) = preSolution
		HideSolutionNode = FALSE
	EndGlobalSection
	GlobalSection(ExtensibilityGlobals) = postSolution
		SolutionGuid = {C8DC650A-A32E-4F4B-98AA-CE6E0562CDDE}
	EndGlobalSection
EndGlobal
